
Microsoft Visual Studio Solution File, Format Version 12.00
# Visual Studio Version 17
VisualStudioVersion = 17.6.33815.320
MinimumVisualStudioVersion = 10.0.40219.1
Project("{9A19103F-16F7-4668-BE54-9A1E7A4F7556}") = "Jellyfin.HardwareVisualizer.Server", "Server\Jellyfin.HardwareVisualizer.Server.csproj", "{3B7C9963-B74F-4040-8FE4-40970539C9C5}"
EndProject
Project("{9A19103F-16F7-4668-BE54-9A1E7A4F7556}") = "Jellyfin.HardwareVisualizer.Client", "Client\Jellyfin.HardwareVisualizer.Client.csproj", "{78ADA1AF-E375-46E5-A74A-F6917D4F678B}"
EndProject
Project("{9A19103F-16F7-4668-BE54-9A1E7A4F7556}") = "Jellyfin.HardwareVisualizer.Shared", "Shared\Jellyfin.HardwareVisualizer.Shared.csproj", "{9DDF8756-77D8-4698-9C14-15F07458B63D}"
EndProject
Project("{9A19103F-16F7-4668-BE54-9A1E7A4F7556}") = "Jellyfin.HardwareVisualizer.Shared.Internals", "SharedInternal\Jellyfin.HardwareVisualizer.Shared.Internals.csproj", "{D3BCD835-3D15-4F31-A341-747270C47C79}"
EndProject
Global
	GlobalSection(SolutionConfigurationPlatforms) = preSolution
		Debug|Any CPU = Debug|Any CPU
		Release|Any CPU = Release|Any CPU
	EndGlobalSection
	GlobalSection(ProjectConfigurationPlatforms) = postSolution
		{3B7C9963-B74F-4040-8FE4-40970539C9C5}.Debug|Any CPU.ActiveCfg = Debug|Any CPU
		{3B7C9963-B74F-4040-8FE4-40970539C9C5}.Debug|Any CPU.Build.0 = Debug|Any CPU
		{3B7C9963-B74F-4040-8FE4-40970539C9C5}.Release|Any CPU.ActiveCfg = Release|Any CPU
		{3B7C9963-B74F-4040-8FE4-40970539C9C5}.Release|Any CPU.Build.0 = Release|Any CPU
		{78ADA1AF-E375-46E5-A74A-F6917D4F678B}.Debug|Any CPU.ActiveCfg = Debug|Any CPU
		{78ADA1AF-E375-46E5-A74A-F6917D4F678B}.Debug|Any CPU.Build.0 = Debug|Any CPU
		{78ADA1AF-E375-46E5-A74A-F6917D4F678B}.Release|Any CPU.ActiveCfg = Release|Any CPU
		{78ADA1AF-E375-46E5-A74A-F6917D4F678B}.Release|Any CPU.Build.0 = Release|Any CPU
		{9DDF8756-77D8-4698-9C14-15F07458B63D}.Debug|Any CPU.ActiveCfg = Debug|Any CPU
		{9DDF8756-77D8-4698-9C14-15F07458B63D}.Debug|Any CPU.Build.0 = Debug|Any CPU
		{9DDF8756-77D8-4698-9C14-15F07458B63D}.Release|Any CPU.ActiveCfg = Release|Any CPU
		{9DDF8756-77D8-4698-9C14-15F07458B63D}.Release|Any CPU.Build.0 = Release|Any CPU
		{D3BCD835-3D15-4F31-A341-747270C47C79}.Debug|Any CPU.ActiveCfg = Debug|Any CPU
		{D3BCD835-3D15-4F31-A341-747270C47C79}.Debug|Any CPU.Build.0 = Debug|Any CPU
		{D3BCD835-3D15-4F31-A341-747270C47C79}.Release|Any CPU.ActiveCfg = Release|Any CPU
		{D3BCD835-3D15-4F31-A341-747270C47C79}.Release|Any CPU.Build.0 = Release|Any CPU
	EndGlobalSection
	GlobalSection(SolutionProperties) = preSolution
		HideSolutionNode = FALSE
	EndGlobalSection
	GlobalSection(ExtensibilityGlobals) = postSolution
		SolutionGuid = {B067B360-0487-4C74-A742-C39328D58CD4}
	EndGlobalSection
EndGlobal
